
Microsoft Visual Studio Solution File, Format Version 12.00
Project("{2150E333-8FDC-42A3-9474-1A3956D46DE8}") = "BuildingBlocks", "BuildingBlocks", "{862F9B0E-B839-4F0A-ACC8-ECA50AC8BC22}"
EndProject
Project("{2150E333-8FDC-42A3-9474-1A3956D46DE8}") = "src", "src", "{FEF8676D-C899-44C5-9B06-ABD4C0D86F82}"
EndProject
Project("{FAE04EC0-301F-11D3-BF4B-00C04F79EFBC}") = "BuildingBlocks.Application", "src\BuildingBlocks.Application\BuildingBlocks.Application.csproj", "{C76C10C5-7D85-41F4-959A-A35C38FF8055}"
EndProject
Project("{FAE04EC0-301F-11D3-BF4B-00C04F79EFBC}") = "BuildingBlocks.Infrastructure", "src\BuildingBlocks.Infrastructure\BuildingBlocks.Infrastructure.csproj", "{8C376F68-7A7D-4054-8FFC-832499A97A10}"
EndProject
Project("{FAE04EC0-301F-11D3-BF4B-00C04F79EFBC}") = "BuildingBlocks.Pagination", "src\BuildingBlocks.Pagination\BuildingBlocks.Pagination.csproj", "{4F77CD3B-9508-476B-96EF-741A15AA02A1}"
EndProject
Project("{FAE04EC0-301F-11D3-BF4B-00C04F79EFBC}") = "BuildingBlocks.Domain", "src\BuildingBlocks.Domain\BuildingBlocks.Domain.csproj", "{A737AF15-D02B-4C3A-9768-9A2F480DA95D}"
EndProject
Project("{FAE04EC0-301F-11D3-BF4B-00C04F79EFBC}") = "BuildingBlocks.Results", "src\BuildingBlocks.Results\BuildingBlocks.Results.csproj", "{0C404855-E1F1-4780-85C3-BCBA1E15EE23}"
EndProject
Project("{FAE04EC0-301F-11D3-BF4B-00C04F79EFBC}") = "BuildingBlocks.Persistence", "src\BuildingBlocks.Persistence\BuildingBlocks.Persistence.csproj", "{E8916A58-B4B5-4589-8C69-4992ADB63092}"
EndProject
Global
	GlobalSection(SolutionConfigurationPlatforms) = preSolution
		Debug|Any CPU = Debug|Any CPU
		Release|Any CPU = Release|Any CPU
	EndGlobalSection
	GlobalSection(ProjectConfigurationPlatforms) = postSolution
		{C76C10C5-7D85-41F4-959A-A35C38FF8055}.Debug|Any CPU.ActiveCfg = Debug|Any CPU
		{C76C10C5-7D85-41F4-959A-A35C38FF8055}.Debug|Any CPU.Build.0 = Debug|Any CPU
		{C76C10C5-7D85-41F4-959A-A35C38FF8055}.Release|Any CPU.ActiveCfg = Release|Any CPU
		{C76C10C5-7D85-41F4-959A-A35C38FF8055}.Release|Any CPU.Build.0 = Release|Any CPU
		{8C376F68-7A7D-4054-8FFC-832499A97A10}.Debug|Any CPU.ActiveCfg = Debug|Any CPU
		{8C376F68-7A7D-4054-8FFC-832499A97A10}.Debug|Any CPU.Build.0 = Debug|Any CPU
		{8C376F68-7A7D-4054-8FFC-832499A97A10}.Release|Any CPU.ActiveCfg = Release|Any CPU
		{8C376F68-7A7D-4054-8FFC-832499A97A10}.Release|Any CPU.Build.0 = Release|Any CPU
		{4F77CD3B-9508-476B-96EF-741A15AA02A1}.Debug|Any CPU.ActiveCfg = Debug|Any CPU
		{4F77CD3B-9508-476B-96EF-741A15AA02A1}.Debug|Any CPU.Build.0 = Debug|Any CPU
		{4F77CD3B-9508-476B-96EF-741A15AA02A1}.Release|Any CPU.ActiveCfg = Release|Any CPU
		{4F77CD3B-9508-476B-96EF-741A15AA02A1}.Release|Any CPU.Build.0 = Release|Any CPU
		{A737AF15-D02B-4C3A-9768-9A2F480DA95D}.Debug|Any CPU.ActiveCfg = Debug|Any CPU
		{A737AF15-D02B-4C3A-9768-9A2F480DA95D}.Debug|Any CPU.Build.0 = Debug|Any CPU
		{A737AF15-D02B-4C3A-9768-9A2F480DA95D}.Release|Any CPU.ActiveCfg = Release|Any CPU
		{A737AF15-D02B-4C3A-9768-9A2F480DA95D}.Release|Any CPU.Build.0 = Release|Any CPU
		{0C404855-E1F1-4780-85C3-BCBA1E15EE23}.Debug|Any CPU.ActiveCfg = Debug|Any CPU
		{0C404855-E1F1-4780-85C3-BCBA1E15EE23}.Debug|Any CPU.Build.0 = Debug|Any CPU
		{0C404855-E1F1-4780-85C3-BCBA1E15EE23}.Release|Any CPU.ActiveCfg = Release|Any CPU
		{0C404855-E1F1-4780-85C3-BCBA1E15EE23}.Release|Any CPU.Build.0 = Release|Any CPU
		{E8916A58-B4B5-4589-8C69-4992ADB63092}.Debug|Any CPU.ActiveCfg = Debug|Any CPU
		{E8916A58-B4B5-4589-8C69-4992ADB63092}.Debug|Any CPU.Build.0 = Debug|Any CPU
		{E8916A58-B4B5-4589-8C69-4992ADB63092}.Release|Any CPU.ActiveCfg = Release|Any CPU
		{E8916A58-B4B5-4589-8C69-4992ADB63092}.Release|Any CPU.Build.0 = Release|Any CPU
	EndGlobalSection
	GlobalSection(NestedProjects) = preSolution
		{862F9B0E-B839-4F0A-ACC8-ECA50AC8BC22} = {FEF8676D-C899-44C5-9B06-ABD4C0D86F82}
		{C76C10C5-7D85-41F4-959A-A35C38FF8055} = {862F9B0E-B839-4F0A-ACC8-ECA50AC8BC22}
		{8C376F68-7A7D-4054-8FFC-832499A97A10} = {862F9B0E-B839-4F0A-ACC8-ECA50AC8BC22}
		{4F77CD3B-9508-476B-96EF-741A15AA02A1} = {862F9B0E-B839-4F0A-ACC8-ECA50AC8BC22}
		{A737AF15-D02B-4C3A-9768-9A2F480DA95D} = {862F9B0E-B839-4F0A-ACC8-ECA50AC8BC22}
		{0C404855-E1F1-4780-85C3-BCBA1E15EE23} = {862F9B0E-B839-4F0A-ACC8-ECA50AC8BC22}
		{E8916A58-B4B5-4589-8C69-4992ADB63092} = {862F9B0E-B839-4F0A-ACC8-ECA50AC8BC22}
	EndGlobalSection
EndGlobal
